// !$*UTF8*$!
{
	archiveVersion = 1;
	classes = {
	};
	objectVersion = 55;
	objects = {

/* Begin PBXBuildFile section */
		69C72BC63B0F111A80BCE31F /* Pods_WheatherCaseStudy.framework in Frameworks */ = {isa = PBXBuildFile; fileRef = 6499B72BE52DAE7A24C47F57 /* Pods_WheatherCaseStudy.framework */; };
		DB14DCD927ED9A00002A2E35 /* WeatherTableViewHeader.xib in Resources */ = {isa = PBXBuildFile; fileRef = DB14DCD827ED9A00002A2E35 /* WeatherTableViewHeader.xib */; };
		DB14DCDB27EDB274002A2E35 /* Double+Extension.swift in Sources */ = {isa = PBXBuildFile; fileRef = DB14DCDA27EDB274002A2E35 /* Double+Extension.swift */; };
		DB14DCDD27EDB566002A2E35 /* Weather5day.swift in Sources */ = {isa = PBXBuildFile; fileRef = DB14DCDC27EDB566002A2E35 /* Weather5day.swift */; };
		DB47688427EC4A9D00584DEA /* AppDelegate.swift in Sources */ = {isa = PBXBuildFile; fileRef = DB47688327EC4A9D00584DEA /* AppDelegate.swift */; };
		DB47688627EC4A9D00584DEA /* SceneDelegate.swift in Sources */ = {isa = PBXBuildFile; fileRef = DB47688527EC4A9D00584DEA /* SceneDelegate.swift */; };
		DB47688B27EC4A9D00584DEA /* Main.storyboard in Resources */ = {isa = PBXBuildFile; fileRef = DB47688927EC4A9D00584DEA /* Main.storyboard */; };
		DB47688D27EC4A9F00584DEA /* Assets.xcassets in Resources */ = {isa = PBXBuildFile; fileRef = DB47688C27EC4A9F00584DEA /* Assets.xcassets */; };
		DB47689027EC4A9F00584DEA /* LaunchScreen.storyboard in Resources */ = {isa = PBXBuildFile; fileRef = DB47688E27EC4A9F00584DEA /* LaunchScreen.storyboard */; };
		DB47689D27EC4B4F00584DEA /* NetworkManager.swift in Sources */ = {isa = PBXBuildFile; fileRef = DB47689C27EC4B4F00584DEA /* NetworkManager.swift */; };
		DB4768A027EC514A00584DEA /* WeatherService.swift in Sources */ = {isa = PBXBuildFile; fileRef = DB47689F27EC514A00584DEA /* WeatherService.swift */; };
		DB4768A527EC55B600584DEA /* LocationViewController.swift in Sources */ = {isa = PBXBuildFile; fileRef = DB4768A427EC55B600584DEA /* LocationViewController.swift */; };
		DB4768A727EC61A500584DEA /* LocationViewModel.swift in Sources */ = {isa = PBXBuildFile; fileRef = DB4768A627EC61A500584DEA /* LocationViewModel.swift */; };
		DB4768AB27ECA33F00584DEA /* WeatherViewController.swift in Sources */ = {isa = PBXBuildFile; fileRef = DB4768AA27ECA33F00584DEA /* WeatherViewController.swift */; };
		DB4768AE27ECA4F700584DEA /* Storyboarded.swift in Sources */ = {isa = PBXBuildFile; fileRef = DB4768AD27ECA4F700584DEA /* Storyboarded.swift */; };
		DB4768B027ECB88700584DEA /* WeatherViewCell.swift in Sources */ = {isa = PBXBuildFile; fileRef = DB4768AF27ECB88700584DEA /* WeatherViewCell.swift */; };
		DB98E6B627F0DE86006A9BD3 /* Date+Extension.swift in Sources */ = {isa = PBXBuildFile; fileRef = DB98E6B527F0DE86006A9BD3 /* Date+Extension.swift */; };
		DBDE479E27F092230082EF68 /* WeatherTableCellModel.swift in Sources */ = {isa = PBXBuildFile; fileRef = DBDE479D27F092230082EF68 /* WeatherTableCellModel.swift */; };
		DBDE47A027F0AC2D0082EF68 /* WeatherTableHeaderModel.swift in Sources */ = {isa = PBXBuildFile; fileRef = DBDE479F27F0AC2D0082EF68 /* WeatherTableHeaderModel.swift */; };
		DBEBCE4F27ED055D006FE806 /* WeatherTableViewHeader.swift in Sources */ = {isa = PBXBuildFile; fileRef = DBEBCE4E27ED055D006FE806 /* WeatherTableViewHeader.swift */; };
		E410532B27F430F0007D0375 /* WheatherCaseStudyUnitTestSlowTest.swift in Sources */ = {isa = PBXBuildFile; fileRef = E410532A27F430F0007D0375 /* WheatherCaseStudyUnitTestSlowTest.swift */; };
		E410533427F443D9007D0375 /* WeatherCaseStudyLocationVMUnitTest.swift in Sources */ = {isa = PBXBuildFile; fileRef = E410533327F443D9007D0375 /* WeatherCaseStudyLocationVMUnitTest.swift */; };
		E410533627F44F28007D0375 /* Extension-Mirror.swift in Sources */ = {isa = PBXBuildFile; fileRef = E410533527F44F28007D0375 /* Extension-Mirror.swift */; };
		E46D4AF927FD720000C2476D /* MockWeather.json in Resources */ = {isa = PBXBuildFile; fileRef = E46D4AF827FD720000C2476D /* MockWeather.json */; };
		E46EE21427FAD79C00C4FDBE /* Boxing.swift in Sources */ = {isa = PBXBuildFile; fileRef = E46EE21327FAD79C00C4FDBE /* Boxing.swift */; };
		E46EE21627FADCB700C4FDBE /* LocationManager.swift in Sources */ = {isa = PBXBuildFile; fileRef = E46EE21527FADCB700C4FDBE /* LocationManager.swift */; };
		E46EE21A27FAE96100C4FDBE /* LocationService.swift in Sources */ = {isa = PBXBuildFile; fileRef = E46EE21927FAE96100C4FDBE /* LocationService.swift */; };
		E4D59D9227FC75D400C4F0FD /* SessionStore.swift in Sources */ = {isa = PBXBuildFile; fileRef = E4D59D9127FC75D400C4F0FD /* SessionStore.swift */; };
/* End PBXBuildFile section */

/* Begin PBXContainerItemProxy section */
		E410532C27F430F0007D0375 /* PBXContainerItemProxy */ = {
			isa = PBXContainerItemProxy;
			containerPortal = DB47687827EC4A9D00584DEA /* Project object */;
			proxyType = 1;
			remoteGlobalIDString = DB47687F27EC4A9D00584DEA;
			remoteInfo = WheatherCaseStudy;
		};
/* End PBXContainerItemProxy section */

/* Begin PBXFileReference section */
		6499B72BE52DAE7A24C47F57 /* Pods_WheatherCaseStudy.framework */ = {isa = PBXFileReference; explicitFileType = wrapper.framework; includeInIndex = 0; path = Pods_WheatherCaseStudy.framework; sourceTree = BUILT_PRODUCTS_DIR; };
		9A0D3BE0FCFF8A1E56F08D41 /* Pods-WheatherCaseStudy.release.xcconfig */ = {isa = PBXFileReference; includeInIndex = 1; lastKnownFileType = text.xcconfig; name = "Pods-WheatherCaseStudy.release.xcconfig"; path = "Target Support Files/Pods-WheatherCaseStudy/Pods-WheatherCaseStudy.release.xcconfig"; sourceTree = "<group>"; };
		DB14DCD827ED9A00002A2E35 /* WeatherTableViewHeader.xib */ = {isa = PBXFileReference; lastKnownFileType = file.xib; path = WeatherTableViewHeader.xib; sourceTree = "<group>"; };
		DB14DCDA27EDB274002A2E35 /* Double+Extension.swift */ = {isa = PBXFileReference; lastKnownFileType = sourcecode.swift; path = "Double+Extension.swift"; sourceTree = "<group>"; };
		DB14DCDC27EDB566002A2E35 /* Weather5day.swift */ = {isa = PBXFileReference; lastKnownFileType = sourcecode.swift; path = Weather5day.swift; sourceTree = "<group>"; };
		DB47688027EC4A9D00584DEA /* WheatherCaseStudy.app */ = {isa = PBXFileReference; explicitFileType = wrapper.application; includeInIndex = 0; path = WheatherCaseStudy.app; sourceTree = BUILT_PRODUCTS_DIR; };
		DB47688327EC4A9D00584DEA /* AppDelegate.swift */ = {isa = PBXFileReference; lastKnownFileType = sourcecode.swift; path = AppDelegate.swift; sourceTree = "<group>"; };
		DB47688527EC4A9D00584DEA /* SceneDelegate.swift */ = {isa = PBXFileReference; lastKnownFileType = sourcecode.swift; path = SceneDelegate.swift; sourceTree = "<group>"; };
		DB47688A27EC4A9D00584DEA /* Base */ = {isa = PBXFileReference; lastKnownFileType = file.storyboard; name = Base; path = Base.lproj/Main.storyboard; sourceTree = "<group>"; };
		DB47688C27EC4A9F00584DEA /* Assets.xcassets */ = {isa = PBXFileReference; lastKnownFileType = folder.assetcatalog; path = Assets.xcassets; sourceTree = "<group>"; };
		DB47688F27EC4A9F00584DEA /* Base */ = {isa = PBXFileReference; lastKnownFileType = file.storyboard; name = Base; path = Base.lproj/LaunchScreen.storyboard; sourceTree = "<group>"; };
		DB47689127EC4A9F00584DEA /* Info.plist */ = {isa = PBXFileReference; lastKnownFileType = text.plist.xml; path = Info.plist; sourceTree = "<group>"; };
		DB47689C27EC4B4F00584DEA /* NetworkManager.swift */ = {isa = PBXFileReference; lastKnownFileType = sourcecode.swift; path = NetworkManager.swift; sourceTree = "<group>"; };
		DB47689F27EC514A00584DEA /* WeatherService.swift */ = {isa = PBXFileReference; lastKnownFileType = sourcecode.swift; path = WeatherService.swift; sourceTree = "<group>"; };
		DB4768A427EC55B600584DEA /* LocationViewController.swift */ = {isa = PBXFileReference; lastKnownFileType = sourcecode.swift; path = LocationViewController.swift; sourceTree = "<group>"; };
		DB4768A627EC61A500584DEA /* LocationViewModel.swift */ = {isa = PBXFileReference; lastKnownFileType = sourcecode.swift; path = LocationViewModel.swift; sourceTree = "<group>"; };
		DB4768AA27ECA33F00584DEA /* WeatherViewController.swift */ = {isa = PBXFileReference; lastKnownFileType = sourcecode.swift; path = WeatherViewController.swift; sourceTree = "<group>"; };
		DB4768AD27ECA4F700584DEA /* Storyboarded.swift */ = {isa = PBXFileReference; lastKnownFileType = sourcecode.swift; path = Storyboarded.swift; sourceTree = "<group>"; };
		DB4768AF27ECB88700584DEA /* WeatherViewCell.swift */ = {isa = PBXFileReference; lastKnownFileType = sourcecode.swift; path = WeatherViewCell.swift; sourceTree = "<group>"; };
		DB98E6B527F0DE86006A9BD3 /* Date+Extension.swift */ = {isa = PBXFileReference; lastKnownFileType = sourcecode.swift; path = "Date+Extension.swift"; sourceTree = "<group>"; };
		DBDE479D27F092230082EF68 /* WeatherTableCellModel.swift */ = {isa = PBXFileReference; lastKnownFileType = sourcecode.swift; path = WeatherTableCellModel.swift; sourceTree = "<group>"; };
		DBDE479F27F0AC2D0082EF68 /* WeatherTableHeaderModel.swift */ = {isa = PBXFileReference; lastKnownFileType = sourcecode.swift; path = WeatherTableHeaderModel.swift; sourceTree = "<group>"; };
		DBEBCE4E27ED055D006FE806 /* WeatherTableViewHeader.swift */ = {isa = PBXFileReference; lastKnownFileType = sourcecode.swift; path = WeatherTableViewHeader.swift; sourceTree = "<group>"; };
		E410532827F430F0007D0375 /* WheatherCaseStudyUnitTestSlowTest.xctest */ = {isa = PBXFileReference; explicitFileType = wrapper.cfbundle; includeInIndex = 0; path = WheatherCaseStudyUnitTestSlowTest.xctest; sourceTree = BUILT_PRODUCTS_DIR; };
		E410532A27F430F0007D0375 /* WheatherCaseStudyUnitTestSlowTest.swift */ = {isa = PBXFileReference; lastKnownFileType = sourcecode.swift; path = WheatherCaseStudyUnitTestSlowTest.swift; sourceTree = "<group>"; };
		E410533327F443D9007D0375 /* WeatherCaseStudyLocationVMUnitTest.swift */ = {isa = PBXFileReference; lastKnownFileType = sourcecode.swift; path = WeatherCaseStudyLocationVMUnitTest.swift; sourceTree = "<group>"; };
		E410533527F44F28007D0375 /* Extension-Mirror.swift */ = {isa = PBXFileReference; lastKnownFileType = sourcecode.swift; path = "Extension-Mirror.swift"; sourceTree = "<group>"; };
		E46D4AF827FD720000C2476D /* MockWeather.json */ = {isa = PBXFileReference; lastKnownFileType = text.json; path = MockWeather.json; sourceTree = "<group>"; };
		E46EE21327FAD79C00C4FDBE /* Boxing.swift */ = {isa = PBXFileReference; lastKnownFileType = sourcecode.swift; path = Boxing.swift; sourceTree = "<group>"; };
		E46EE21527FADCB700C4FDBE /* LocationManager.swift */ = {isa = PBXFileReference; lastKnownFileType = sourcecode.swift; path = LocationManager.swift; sourceTree = "<group>"; };
		E46EE21927FAE96100C4FDBE /* LocationService.swift */ = {isa = PBXFileReference; lastKnownFileType = sourcecode.swift; path = LocationService.swift; sourceTree = "<group>"; };
		E4D59D9127FC75D400C4F0FD /* SessionStore.swift */ = {isa = PBXFileReference; lastKnownFileType = sourcecode.swift; path = SessionStore.swift; sourceTree = "<group>"; };
		FBA9496B63CAFE77FD88A073 /* Pods-WheatherCaseStudy.debug.xcconfig */ = {isa = PBXFileReference; includeInIndex = 1; lastKnownFileType = text.xcconfig; name = "Pods-WheatherCaseStudy.debug.xcconfig"; path = "Target Support Files/Pods-WheatherCaseStudy/Pods-WheatherCaseStudy.debug.xcconfig"; sourceTree = "<group>"; };
/* End PBXFileReference section */

/* Begin PBXFrameworksBuildPhase section */
		DB47687D27EC4A9D00584DEA /* Frameworks */ = {
			isa = PBXFrameworksBuildPhase;
			buildActionMask = 2147483647;
			files = (
				69C72BC63B0F111A80BCE31F /* Pods_WheatherCaseStudy.framework in Frameworks */,
			);
			runOnlyForDeploymentPostprocessing = 0;
		};
		E410532527F430F0007D0375 /* Frameworks */ = {
			isa = PBXFrameworksBuildPhase;
			buildActionMask = 2147483647;
			files = (
			);
			runOnlyForDeploymentPostprocessing = 0;
		};
/* End PBXFrameworksBuildPhase section */

/* Begin PBXGroup section */
		BCC544C1DBAF431A44C39056 /* Frameworks */ = {
			isa = PBXGroup;
			children = (
				6499B72BE52DAE7A24C47F57 /* Pods_WheatherCaseStudy.framework */,
			);
			name = Frameworks;
			sourceTree = "<group>";
		};
		DB47687727EC4A9D00584DEA = {
			isa = PBXGroup;
			children = (
				DB47688227EC4A9D00584DEA /* WheatherCaseStudy */,
				E410532927F430F0007D0375 /* WheatherCaseStudyUnitTestSlowTest */,
				DB47688127EC4A9D00584DEA /* Products */,
				E958D3A9FBE8D6C3E07553A9 /* Pods */,
				BCC544C1DBAF431A44C39056 /* Frameworks */,
			);
			sourceTree = "<group>";
		};
		DB47688127EC4A9D00584DEA /* Products */ = {
			isa = PBXGroup;
			children = (
				DB47688027EC4A9D00584DEA /* WheatherCaseStudy.app */,
				E410532827F430F0007D0375 /* WheatherCaseStudyUnitTestSlowTest.xctest */,
			);
			name = Products;
			sourceTree = "<group>";
		};
		DB47688227EC4A9D00584DEA /* WheatherCaseStudy */ = {
			isa = PBXGroup;
			children = (
				DB4768AC27ECA4E400584DEA /* Helper */,
				DB47689E27EC513300584DEA /* Services */,
				DB47689B27EC4ADA00584DEA /* Utilities */,
				DB47689A27EC4AD000584DEA /* ViewModel */,
				DB47689927EC4AC000584DEA /* View */,
				DB47689827EC4AB600584DEA /* Model */,
				DB47689727EC4AAD00584DEA /* Sources */,
				DB47688927EC4A9D00584DEA /* Main.storyboard */,
				DB47688C27EC4A9F00584DEA /* Assets.xcassets */,
				DB47688E27EC4A9F00584DEA /* LaunchScreen.storyboard */,
				DB47689127EC4A9F00584DEA /* Info.plist */,
			);
			path = WheatherCaseStudy;
			sourceTree = "<group>";
		};
		DB47689727EC4AAD00584DEA /* Sources */ = {
			isa = PBXGroup;
			children = (
				DB47688327EC4A9D00584DEA /* AppDelegate.swift */,
				DB47688527EC4A9D00584DEA /* SceneDelegate.swift */,
			);
			path = Sources;
			sourceTree = "<group>";
		};
		DB47689827EC4AB600584DEA /* Model */ = {
			isa = PBXGroup;
			children = (
				DB14DCDC27EDB566002A2E35 /* Weather5day.swift */,
				DBDE479D27F092230082EF68 /* WeatherTableCellModel.swift */,
				DBDE479F27F0AC2D0082EF68 /* WeatherTableHeaderModel.swift */,
			);
			path = Model;
			sourceTree = "<group>";
		};
		DB47689927EC4AC000584DEA /* View */ = {
			isa = PBXGroup;
			children = (
				DB4768A327EC557100584DEA /* Controller */,
				DBEBCE4E27ED055D006FE806 /* WeatherTableViewHeader.swift */,
				DB4768AF27ECB88700584DEA /* WeatherViewCell.swift */,
				DB14DCD827ED9A00002A2E35 /* WeatherTableViewHeader.xib */,
			);
			path = View;
			sourceTree = "<group>";
		};
		DB47689A27EC4AD000584DEA /* ViewModel */ = {
			isa = PBXGroup;
			children = (
				DB4768A627EC61A500584DEA /* LocationViewModel.swift */,
			);
			path = ViewModel;
			sourceTree = "<group>";
		};
		DB47689B27EC4ADA00584DEA /* Utilities */ = {
			isa = PBXGroup;
			children = (
				E46EE21527FADCB700C4FDBE /* LocationManager.swift */,
				DB47689C27EC4B4F00584DEA /* NetworkManager.swift */,
			);
			path = Utilities;
			sourceTree = "<group>";
		};
		DB47689E27EC513300584DEA /* Services */ = {
			isa = PBXGroup;
			children = (
				DB47689F27EC514A00584DEA /* WeatherService.swift */,
				E46EE21927FAE96100C4FDBE /* LocationService.swift */,
			);
			path = Services;
			sourceTree = "<group>";
		};
		DB4768A327EC557100584DEA /* Controller */ = {
			isa = PBXGroup;
			children = (
				DB4768A427EC55B600584DEA /* LocationViewController.swift */,
				DB4768AA27ECA33F00584DEA /* WeatherViewController.swift */,
			);
			path = Controller;
			sourceTree = "<group>";
		};
		DB4768AC27ECA4E400584DEA /* Helper */ = {
			isa = PBXGroup;
			children = (
				DB4768AD27ECA4F700584DEA /* Storyboarded.swift */,
				DB14DCDA27EDB274002A2E35 /* Double+Extension.swift */,
				DB98E6B527F0DE86006A9BD3 /* Date+Extension.swift */,
				E410533527F44F28007D0375 /* Extension-Mirror.swift */,
				E46EE21327FAD79C00C4FDBE /* Boxing.swift */,
				E4D59D9127FC75D400C4F0FD /* SessionStore.swift */,
			);
			path = Helper;
			sourceTree = "<group>";
		};
		E410532927F430F0007D0375 /* WheatherCaseStudyUnitTestSlowTest */ = {
			isa = PBXGroup;
			children = (
				E46D4AF527FD717A00C2476D /* MockData */,
				E410532A27F430F0007D0375 /* WheatherCaseStudyUnitTestSlowTest.swift */,
				E410533327F443D9007D0375 /* WeatherCaseStudyLocationVMUnitTest.swift */,
			);
			path = WheatherCaseStudyUnitTestSlowTest;
			sourceTree = "<group>";
		};
		E46D4AF527FD717A00C2476D /* MockData */ = {
			isa = PBXGroup;
			children = (
				E46D4AF827FD720000C2476D /* MockWeather.json */,
			);
			path = MockData;
			sourceTree = "<group>";
		};
		E958D3A9FBE8D6C3E07553A9 /* Pods */ = {
			isa = PBXGroup;
			children = (
				FBA9496B63CAFE77FD88A073 /* Pods-WheatherCaseStudy.debug.xcconfig */,
				9A0D3BE0FCFF8A1E56F08D41 /* Pods-WheatherCaseStudy.release.xcconfig */,
			);
			path = Pods;
			sourceTree = "<group>";
		};
/* End PBXGroup section */

/* Begin PBXNativeTarget section */
		DB47687F27EC4A9D00584DEA /* WheatherCaseStudy */ = {
			isa = PBXNativeTarget;
			buildConfigurationList = DB47689427EC4A9F00584DEA /* Build configuration list for PBXNativeTarget "WheatherCaseStudy" */;
			buildPhases = (
				95F49EDFED38135A81CE3BDD /* [CP] Check Pods Manifest.lock */,
				DB47687C27EC4A9D00584DEA /* Sources */,
				DB47687D27EC4A9D00584DEA /* Frameworks */,
				DB47687E27EC4A9D00584DEA /* Resources */,
				69E005B1D77084741FC2B6FC /* [CP] Embed Pods Frameworks */,
			);
			buildRules = (
			);
			dependencies = (
			);
			name = WheatherCaseStudy;
			productName = WheatherCaseStudy;
			productReference = DB47688027EC4A9D00584DEA /* WheatherCaseStudy.app */;
			productType = "com.apple.product-type.application";
		};
		E410532727F430F0007D0375 /* WheatherCaseStudyUnitTestSlowTest */ = {
			isa = PBXNativeTarget;
			buildConfigurationList = E410532E27F430F0007D0375 /* Build configuration list for PBXNativeTarget "WheatherCaseStudyUnitTestSlowTest" */;
			buildPhases = (
				E410532427F430F0007D0375 /* Sources */,
				E410532527F430F0007D0375 /* Frameworks */,
				E410532627F430F0007D0375 /* Resources */,
			);
			buildRules = (
			);
			dependencies = (
				E410532D27F430F0007D0375 /* PBXTargetDependency */,
			);
			name = WheatherCaseStudyUnitTestSlowTest;
			productName = WheatherCaseStudyUnitTestSlowTest;
			productReference = E410532827F430F0007D0375 /* WheatherCaseStudyUnitTestSlowTest.xctest */;
			productType = "com.apple.product-type.bundle.unit-test";
		};
/* End PBXNativeTarget section */

/* Begin PBXProject section */
		DB47687827EC4A9D00584DEA /* Project object */ = {
			isa = PBXProject;
			attributes = {
				BuildIndependentTargetsInParallel = 1;
				LastSwiftUpdateCheck = 1330;
				LastUpgradeCheck = 1310;
				TargetAttributes = {
					DB47687F27EC4A9D00584DEA = {
						CreatedOnToolsVersion = 13.1;
					};
					E410532727F430F0007D0375 = {
						CreatedOnToolsVersion = 13.3;
						TestTargetID = DB47687F27EC4A9D00584DEA;
					};
				};
			};
			buildConfigurationList = DB47687B27EC4A9D00584DEA /* Build configuration list for PBXProject "WheatherCaseStudy" */;
			compatibilityVersion = "Xcode 13.0";
			developmentRegion = en;
			hasScannedForEncodings = 0;
			knownRegions = (
				en,
				Base,
			);
			mainGroup = DB47687727EC4A9D00584DEA;
			productRefGroup = DB47688127EC4A9D00584DEA /* Products */;
			projectDirPath = "";
			projectRoot = "";
			targets = (
				DB47687F27EC4A9D00584DEA /* WheatherCaseStudy */,
				E410532727F430F0007D0375 /* WheatherCaseStudyUnitTestSlowTest */,
			);
		};
/* End PBXProject section */

/* Begin PBXResourcesBuildPhase section */
		DB47687E27EC4A9D00584DEA /* Resources */ = {
			isa = PBXResourcesBuildPhase;
			buildActionMask = 2147483647;
			files = (
				DB47689027EC4A9F00584DEA /* LaunchScreen.storyboard in Resources */,
				DB47688D27EC4A9F00584DEA /* Assets.xcassets in Resources */,
				DB47688B27EC4A9D00584DEA /* Main.storyboard in Resources */,
				DB14DCD927ED9A00002A2E35 /* WeatherTableViewHeader.xib in Resources */,
				E46D4AF927FD720000C2476D /* MockWeather.json in Resources */,
			);
			runOnlyForDeploymentPostprocessing = 0;
		};
		E410532627F430F0007D0375 /* Resources */ = {
			isa = PBXResourcesBuildPhase;
			buildActionMask = 2147483647;
			files = (
			);
			runOnlyForDeploymentPostprocessing = 0;
		};
/* End PBXResourcesBuildPhase section */

/* Begin PBXShellScriptBuildPhase section */
		69E005B1D77084741FC2B6FC /* [CP] Embed Pods Frameworks */ = {
			isa = PBXShellScriptBuildPhase;
			buildActionMask = 2147483647;
			files = (
			);
			inputFileListPaths = (
				"${PODS_ROOT}/Target Support Files/Pods-WheatherCaseStudy/Pods-WheatherCaseStudy-frameworks-${CONFIGURATION}-input-files.xcfilelist",
			);
			name = "[CP] Embed Pods Frameworks";
			outputFileListPaths = (
				"${PODS_ROOT}/Target Support Files/Pods-WheatherCaseStudy/Pods-WheatherCaseStudy-frameworks-${CONFIGURATION}-output-files.xcfilelist",
			);
			runOnlyForDeploymentPostprocessing = 0;
			shellPath = /bin/sh;
			shellScript = "\"${PODS_ROOT}/Target Support Files/Pods-WheatherCaseStudy/Pods-WheatherCaseStudy-frameworks.sh\"\n";
			showEnvVarsInLog = 0;
		};
		95F49EDFED38135A81CE3BDD /* [CP] Check Pods Manifest.lock */ = {
			isa = PBXShellScriptBuildPhase;
			buildActionMask = 2147483647;
			files = (
			);
			inputFileListPaths = (
			);
			inputPaths = (
				"${PODS_PODFILE_DIR_PATH}/Podfile.lock",
				"${PODS_ROOT}/Manifest.lock",
			);
			name = "[CP] Check Pods Manifest.lock";
			outputFileListPaths = (
			);
			outputPaths = (
				"$(DERIVED_FILE_DIR)/Pods-WheatherCaseStudy-checkManifestLockResult.txt",
			);
			runOnlyForDeploymentPostprocessing = 0;
			shellPath = /bin/sh;
			shellScript = "diff \"${PODS_PODFILE_DIR_PATH}/Podfile.lock\" \"${PODS_ROOT}/Manifest.lock\" > /dev/null\nif [ $? != 0 ] ; then\n    # print error to STDERR\n    echo \"error: The sandbox is not in sync with the Podfile.lock. Run 'pod install' or update your CocoaPods installation.\" >&2\n    exit 1\nfi\n# This output is used by Xcode 'outputs' to avoid re-running this script phase.\necho \"SUCCESS\" > \"${SCRIPT_OUTPUT_FILE_0}\"\n";
			showEnvVarsInLog = 0;
		};
/* End PBXShellScriptBuildPhase section */

/* Begin PBXSourcesBuildPhase section */
		DB47687C27EC4A9D00584DEA /* Sources */ = {
			isa = PBXSourcesBuildPhase;
			buildActionMask = 2147483647;
			files = (
				DBDE47A027F0AC2D0082EF68 /* WeatherTableHeaderModel.swift in Sources */,
				DB4768A527EC55B600584DEA /* LocationViewController.swift in Sources */,
				DB4768B027ECB88700584DEA /* WeatherViewCell.swift in Sources */,
				DB4768AB27ECA33F00584DEA /* WeatherViewController.swift in Sources */,
				DBDE479E27F092230082EF68 /* WeatherTableCellModel.swift in Sources */,
				E46EE21427FAD79C00C4FDBE /* Boxing.swift in Sources */,
				E4D59D9227FC75D400C4F0FD /* SessionStore.swift in Sources */,
				E46EE21A27FAE96100C4FDBE /* LocationService.swift in Sources */,
				DB98E6B627F0DE86006A9BD3 /* Date+Extension.swift in Sources */,
				DB4768A027EC514A00584DEA /* WeatherService.swift in Sources */,
				E46EE21627FADCB700C4FDBE /* LocationManager.swift in Sources */,
				DB47689D27EC4B4F00584DEA /* NetworkManager.swift in Sources */,
				E410533627F44F28007D0375 /* Extension-Mirror.swift in Sources */,
				DB47688427EC4A9D00584DEA /* AppDelegate.swift in Sources */,
				DB14DCDB27EDB274002A2E35 /* Double+Extension.swift in Sources */,
				DB4768AE27ECA4F700584DEA /* Storyboarded.swift in Sources */,
				DB47688627EC4A9D00584DEA /* SceneDelegate.swift in Sources */,
				DB4768A727EC61A500584DEA /* LocationViewModel.swift in Sources */,
				DBEBCE4F27ED055D006FE806 /* WeatherTableViewHeader.swift in Sources */,
				DB14DCDD27EDB566002A2E35 /* Weather5day.swift in Sources */,
			);
			runOnlyForDeploymentPostprocessing = 0;
		};
		E410532427F430F0007D0375 /* Sources */ = {
			isa = PBXSourcesBuildPhase;
			buildActionMask = 2147483647;
			files = (
				E410533427F443D9007D0375 /* WeatherCaseStudyLocationVMUnitTest.swift in Sources */,
				E410532B27F430F0007D0375 /* WheatherCaseStudyUnitTestSlowTest.swift in Sources */,
			);
			runOnlyForDeploymentPostprocessing = 0;
		};
/* End PBXSourcesBuildPhase section */

/* Begin PBXTargetDependency section */
		E410532D27F430F0007D0375 /* PBXTargetDependency */ = {
			isa = PBXTargetDependency;
			target = DB47687F27EC4A9D00584DEA /* WheatherCaseStudy */;
			targetProxy = E410532C27F430F0007D0375 /* PBXContainerItemProxy */;
		};
/* End PBXTargetDependency section */

/* Begin PBXVariantGroup section */
		DB47688927EC4A9D00584DEA /* Main.storyboard */ = {
			isa = PBXVariantGroup;
			children = (
				DB47688A27EC4A9D00584DEA /* Base */,
			);
			name = Main.storyboard;
			sourceTree = "<group>";
		};
		DB47688E27EC4A9F00584DEA /* LaunchScreen.storyboard */ = {
			isa = PBXVariantGroup;
			children = (
				DB47688F27EC4A9F00584DEA /* Base */,
			);
			name = LaunchScreen.storyboard;
			sourceTree = "<group>";
		};
/* End PBXVariantGroup section */

/* Begin XCBuildConfiguration section */
		DB47689227EC4A9F00584DEA /* Debug */ = {
			isa = XCBuildConfiguration;
			buildSettings = {
				ALWAYS_SEARCH_USER_PATHS = NO;
				CLANG_ANALYZER_NONNULL = YES;
				CLANG_ANALYZER_NUMBER_OBJECT_CONVERSION = YES_AGGRESSIVE;
				CLANG_CXX_LANGUAGE_STANDARD = "gnu++17";
				CLANG_CXX_LIBRARY = "libc++";
				CLANG_ENABLE_MODULES = YES;
				CLANG_ENABLE_OBJC_ARC = YES;
				CLANG_ENABLE_OBJC_WEAK = YES;
				CLANG_WARN_BLOCK_CAPTURE_AUTORELEASING = YES;
				CLANG_WARN_BOOL_CONVERSION = YES;
				CLANG_WARN_COMMA = YES;
				CLANG_WARN_CONSTANT_CONVERSION = YES;
				CLANG_WARN_DEPRECATED_OBJC_IMPLEMENTATIONS = YES;
				CLANG_WARN_DIRECT_OBJC_ISA_USAGE = YES_ERROR;
				CLANG_WARN_DOCUMENTATION_COMMENTS = YES;
				CLANG_WARN_EMPTY_BODY = YES;
				CLANG_WARN_ENUM_CONVERSION = YES;
				CLANG_WARN_INFINITE_RECURSION = YES;
				CLANG_WARN_INT_CONVERSION = YES;
				CLANG_WARN_NON_LITERAL_NULL_CONVERSION = YES;
				CLANG_WARN_OBJC_IMPLICIT_RETAIN_SELF = YES;
				CLANG_WARN_OBJC_LITERAL_CONVERSION = YES;
				CLANG_WARN_OBJC_ROOT_CLASS = YES_ERROR;
				CLANG_WARN_QUOTED_INCLUDE_IN_FRAMEWORK_HEADER = YES;
				CLANG_WARN_RANGE_LOOP_ANALYSIS = YES;
				CLANG_WARN_STRICT_PROTOTYPES = YES;
				CLANG_WARN_SUSPICIOUS_MOVE = YES;
				CLANG_WARN_UNGUARDED_AVAILABILITY = YES_AGGRESSIVE;
				CLANG_WARN_UNREACHABLE_CODE = YES;
				CLANG_WARN__DUPLICATE_METHOD_MATCH = YES;
				COPY_PHASE_STRIP = NO;
				DEBUG_INFORMATION_FORMAT = dwarf;
				ENABLE_STRICT_OBJC_MSGSEND = YES;
				ENABLE_TESTABILITY = YES;
				GCC_C_LANGUAGE_STANDARD = gnu11;
				GCC_DYNAMIC_NO_PIC = NO;
				GCC_NO_COMMON_BLOCKS = YES;
				GCC_OPTIMIZATION_LEVEL = 0;
				GCC_PREPROCESSOR_DEFINITIONS = (
					"DEBUG=1",
					"$(inherited)",
				);
				GCC_WARN_64_TO_32_BIT_CONVERSION = YES;
				GCC_WARN_ABOUT_RETURN_TYPE = YES_ERROR;
				GCC_WARN_UNDECLARED_SELECTOR = YES;
				GCC_WARN_UNINITIALIZED_AUTOS = YES_AGGRESSIVE;
				GCC_WARN_UNUSED_FUNCTION = YES;
				GCC_WARN_UNUSED_VARIABLE = YES;
				IPHONEOS_DEPLOYMENT_TARGET = 15.0;
				MTL_ENABLE_DEBUG_INFO = INCLUDE_SOURCE;
				MTL_FAST_MATH = YES;
				ONLY_ACTIVE_ARCH = YES;
				SDKROOT = iphoneos;
				SWIFT_ACTIVE_COMPILATION_CONDITIONS = DEBUG;
				SWIFT_OPTIMIZATION_LEVEL = "-Onone";
			};
			name = Debug;
		};
		DB47689327EC4A9F00584DEA /* Release */ = {
			isa = XCBuildConfiguration;
			buildSettings = {
				ALWAYS_SEARCH_USER_PATHS = NO;
				CLANG_ANALYZER_NONNULL = YES;
				CLANG_ANALYZER_NUMBER_OBJECT_CONVERSION = YES_AGGRESSIVE;
				CLANG_CXX_LANGUAGE_STANDARD = "gnu++17";
				CLANG_CXX_LIBRARY = "libc++";
				CLANG_ENABLE_MODULES = YES;
				CLANG_ENABLE_OBJC_ARC = YES;
				CLANG_ENABLE_OBJC_WEAK = YES;
				CLANG_WARN_BLOCK_CAPTURE_AUTORELEASING = YES;
				CLANG_WARN_BOOL_CONVERSION = YES;
				CLANG_WARN_COMMA = YES;
				CLANG_WARN_CONSTANT_CONVERSION = YES;
				CLANG_WARN_DEPRECATED_OBJC_IMPLEMENTATIONS = YES;
				CLANG_WARN_DIRECT_OBJC_ISA_USAGE = YES_ERROR;
				CLANG_WARN_DOCUMENTATION_COMMENTS = YES;
				CLANG_WARN_EMPTY_BODY = YES;
				CLANG_WARN_ENUM_CONVERSION = YES;
				CLANG_WARN_INFINITE_RECURSION = YES;
				CLANG_WARN_INT_CONVERSION = YES;
				CLANG_WARN_NON_LITERAL_NULL_CONVERSION = YES;
				CLANG_WARN_OBJC_IMPLICIT_RETAIN_SELF = YES;
				CLANG_WARN_OBJC_LITERAL_CONVERSION = YES;
				CLANG_WARN_OBJC_ROOT_CLASS = YES_ERROR;
				CLANG_WARN_QUOTED_INCLUDE_IN_FRAMEWORK_HEADER = YES;
				CLANG_WARN_RANGE_LOOP_ANALYSIS = YES;
				CLANG_WARN_STRICT_PROTOTYPES = YES;
				CLANG_WARN_SUSPICIOUS_MOVE = YES;
				CLANG_WARN_UNGUARDED_AVAILABILITY = YES_AGGRESSIVE;
				CLANG_WARN_UNREACHABLE_CODE = YES;
				CLANG_WARN__DUPLICATE_METHOD_MATCH = YES;
				COPY_PHASE_STRIP = NO;
				DEBUG_INFORMATION_FORMAT = "dwarf-with-dsym";
				ENABLE_NS_ASSERTIONS = NO;
				ENABLE_STRICT_OBJC_MSGSEND = YES;
				GCC_C_LANGUAGE_STANDARD = gnu11;
				GCC_NO_COMMON_BLOCKS = YES;
				GCC_WARN_64_TO_32_BIT_CONVERSION = YES;
				GCC_WARN_ABOUT_RETURN_TYPE = YES_ERROR;
				GCC_WARN_UNDECLARED_SELECTOR = YES;
				GCC_WARN_UNINITIALIZED_AUTOS = YES_AGGRESSIVE;
				GCC_WARN_UNUSED_FUNCTION = YES;
				GCC_WARN_UNUSED_VARIABLE = YES;
				IPHONEOS_DEPLOYMENT_TARGET = 15.0;
				MTL_ENABLE_DEBUG_INFO = NO;
				MTL_FAST_MATH = YES;
				SDKROOT = iphoneos;
				SWIFT_COMPILATION_MODE = wholemodule;
				SWIFT_OPTIMIZATION_LEVEL = "-O";
				VALIDATE_PRODUCT = YES;
			};
			name = Release;
		};
		DB47689527EC4A9F00584DEA /* Debug */ = {
			isa = XCBuildConfiguration;
			baseConfigurationReference = FBA9496B63CAFE77FD88A073 /* Pods-WheatherCaseStudy.debug.xcconfig */;
			buildSettings = {
				ASSETCATALOG_COMPILER_APPICON_NAME = AppIcon;
				ASSETCATALOG_COMPILER_GLOBAL_ACCENT_COLOR_NAME = AccentColor;
				CODE_SIGN_STYLE = Automatic;
				CURRENT_PROJECT_VERSION = 1;
				DEVELOPMENT_TEAM = J2USCCWW7B;
				GENERATE_INFOPLIST_FILE = YES;
				INFOPLIST_FILE = WheatherCaseStudy/Info.plist;
				INFOPLIST_KEY_NSLocationAlwaysAndWhenInUseUsageDescription = NSLocationAlwaysAndWhenInUseUsageDescription;
				INFOPLIST_KEY_NSLocationAlwaysUsageDescription = NSLocationWhenInUseUsageDescription;
				INFOPLIST_KEY_NSLocationWhenInUseUsageDescription = NSLocationWhenInUseUsageDescription;
				INFOPLIST_KEY_UIApplicationSupportsIndirectInputEvents = YES;
				INFOPLIST_KEY_UILaunchStoryboardName = LaunchScreen;
				INFOPLIST_KEY_UIMainStoryboardFile = Main;
				INFOPLIST_KEY_UISupportedInterfaceOrientations_iPad = "UIInterfaceOrientationPortrait UIInterfaceOrientationPortraitUpsideDown UIInterfaceOrientationLandscapeLeft UIInterfaceOrientationLandscapeRight";
				INFOPLIST_KEY_UISupportedInterfaceOrientations_iPhone = "UIInterfaceOrientationPortrait UIInterfaceOrientationLandscapeLeft UIInterfaceOrientationLandscapeRight";
				LD_RUNPATH_SEARCH_PATHS = (
					"$(inherited)",
					"@executable_path/Frameworks",
				);
				MARKETING_VERSION = 1.0;
				PRODUCT_BUNDLE_IDENTIFIER = tugrulcan.WheatherCaseStudy;
				PRODUCT_NAME = "$(TARGET_NAME)";
				SWIFT_EMIT_LOC_STRINGS = YES;
				SWIFT_VERSION = 5.0;
				TARGETED_DEVICE_FAMILY = "1,2";
			};
			name = Debug;
		};
		DB47689627EC4A9F00584DEA /* Release */ = {
			isa = XCBuildConfiguration;
			baseConfigurationReference = 9A0D3BE0FCFF8A1E56F08D41 /* Pods-WheatherCaseStudy.release.xcconfig */;
			buildSettings = {
				ASSETCATALOG_COMPILER_APPICON_NAME = AppIcon;
				ASSETCATALOG_COMPILER_GLOBAL_ACCENT_COLOR_NAME = AccentColor;
				CODE_SIGN_STYLE = Automatic;
				CURRENT_PROJECT_VERSION = 1;
				DEVELOPMENT_TEAM = J2USCCWW7B;
				GENERATE_INFOPLIST_FILE = YES;
				INFOPLIST_FILE = WheatherCaseStudy/Info.plist;
				INFOPLIST_KEY_NSLocationAlwaysAndWhenInUseUsageDescription = NSLocationAlwaysAndWhenInUseUsageDescription;
				INFOPLIST_KEY_NSLocationAlwaysUsageDescription = NSLocationWhenInUseUsageDescription;
				INFOPLIST_KEY_NSLocationWhenInUseUsageDescription = NSLocationWhenInUseUsageDescription;
				INFOPLIST_KEY_UIApplicationSupportsIndirectInputEvents = YES;
				INFOPLIST_KEY_UILaunchStoryboardName = LaunchScreen;
				INFOPLIST_KEY_UIMainStoryboardFile = Main;
				INFOPLIST_KEY_UISupportedInterfaceOrientations_iPad = "UIInterfaceOrientationPortrait UIInterfaceOrientationPortraitUpsideDown UIInterfaceOrientationLandscapeLeft UIInterfaceOrientationLandscapeRight";
				INFOPLIST_KEY_UISupportedInterfaceOrientations_iPhone = "UIInterfaceOrientationPortrait UIInterfaceOrientationLandscapeLeft UIInterfaceOrientationLandscapeRight";
				LD_RUNPATH_SEARCH_PATHS = (
					"$(inherited)",
					"@executable_path/Frameworks",
				);
				MARKETING_VERSION = 1.0;
				PRODUCT_BUNDLE_IDENTIFIER = tugrulcan.WheatherCaseStudy;
				PRODUCT_NAME = "$(TARGET_NAME)";
				SWIFT_EMIT_LOC_STRINGS = YES;
				SWIFT_VERSION = 5.0;
				TARGETED_DEVICE_FAMILY = "1,2";
			};
			name = Release;
		};
		E410532F27F430F0007D0375 /* Debug */ = {
			isa = XCBuildConfiguration;
			buildSettings = {
				BUNDLE_LOADER = "$(TEST_HOST)";
				CODE_SIGN_STYLE = Automatic;
				CURRENT_PROJECT_VERSION = 1;
				GENERATE_INFOPLIST_FILE = YES;
				IPHONEOS_DEPLOYMENT_TARGET = 15.4;
				MARKETING_VERSION = 1.0;
				PRODUCT_BUNDLE_IDENTIFIER = TugrulCanMercan.WheatherCaseStudyUnitTestSlowTest;
				PRODUCT_NAME = "$(TARGET_NAME)";
				SWIFT_EMIT_LOC_STRINGS = NO;
				SWIFT_VERSION = 5.0;
				TARGETED_DEVICE_FAMILY = "1,2";
				TEST_HOST = "$(BUILT_PRODUCTS_DIR)/WheatherCaseStudy.app/WheatherCaseStudy";
			};
			name = Debug;
		};
		E410533027F430F0007D0375 /* Release */ = {
			isa = XCBuildConfiguration;
			buildSettings = {
				BUNDLE_LOADER = "$(TEST_HOST)";
				CODE_SIGN_STYLE = Automatic;
				CURRENT_PROJECT_VERSION = 1;
				GENERATE_INFOPLIST_FILE = YES;
				IPHONEOS_DEPLOYMENT_TARGET = 15.4;
				MARKETING_VERSION = 1.0;
				PRODUCT_BUNDLE_IDENTIFIER = TugrulCanMercan.WheatherCaseStudyUnitTestSlowTest;
				PRODUCT_NAME = "$(TARGET_NAME)";
				SWIFT_EMIT_LOC_STRINGS = NO;
				SWIFT_VERSION = 5.0;
				TARGETED_DEVICE_FAMILY = "1,2";
				TEST_HOST = "$(BUILT_PRODUCTS_DIR)/WheatherCaseStudy.app/WheatherCaseStudy";
			};
			name = Release;
		};
/* End XCBuildConfiguration section */

/* Begin XCConfigurationList section */
		DB47687B27EC4A9D00584DEA /* Build configuration list for PBXProject "WheatherCaseStudy" */ = {
			isa = XCConfigurationList;
			buildConfigurations = (
				DB47689227EC4A9F00584DEA /* Debug */,
				DB47689327EC4A9F00584DEA /* Release */,
			);
			defaultConfigurationIsVisible = 0;
			defaultConfigurationName = Release;
		};
		DB47689427EC4A9F00584DEA /* Build configuration list for PBXNativeTarget "WheatherCaseStudy" */ = {
			isa = XCConfigurationList;
			buildConfigurations = (
				DB47689527EC4A9F00584DEA /* Debug */,
				DB47689627EC4A9F00584DEA /* Release */,
			);
			defaultConfigurationIsVisible = 0;
			defaultConfigurationName = Release;
		};
		E410532E27F430F0007D0375 /* Build configuration list for PBXNativeTarget "WheatherCaseStudyUnitTestSlowTest" */ = {
			isa = XCConfigurationList;
			buildConfigurations = (
				E410532F27F430F0007D0375 /* Debug */,
				E410533027F430F0007D0375 /* Release */,
			);
			defaultConfigurationIsVisible = 0;
			defaultConfigurationName = Release;
		};
/* End XCConfigurationList section */
	};
	rootObject = DB47687827EC4A9D00584DEA /* Project object */;
}
